
Microsoft Visual Studio Solution File, Format Version 12.00
# Visual Studio Version 17
VisualStudioVersion = 17.7.34302.85
MinimumVisualStudioVersion = 10.0.40219.1
Project("{FAE04EC0-301F-11D3-BF4B-00C04F79EFBC}") = "speedrun", "speedrun.csproj", "{D7EF97B8-C628-4836-A6F3-E7A20CEF87EE}"
EndProject
Global
	GlobalSection(SolutionConfigurationPlatforms) = preSolution
		Debug|Any CPU = Debug|Any CPU
		Release|Any CPU = Release|Any CPU
	EndGlobalSection
	GlobalSection(ProjectConfigurationPlatforms) = postSolution
		{D7EF97B8-C628-4836-A6F3-E7A20CEF87EE}.Debug|Any CPU.ActiveCfg = Debug|Any CPU
		{D7EF97B8-C628-4836-A6F3-E7A20CEF87EE}.Debug|Any CPU.Build.0 = Debug|Any CPU
		{D7EF97B8-C628-4836-A6F3-E7A20CEF87EE}.Release|Any CPU.ActiveCfg = Release|Any CPU
		{D7EF97B8-C628-4836-A6F3-E7A20CEF87EE}.Release|Any CPU.Build.0 = Release|Any CPU
	EndGlobalSection
	GlobalSection(SolutionProperties) = preSolution
		HideSolutionNode = FALSE
	EndGlobalSection
	GlobalSection(ExtensibilityGlobals) = postSolution
		SolutionGuid = {F03E20DC-2914-4076-9952-202DDFDB1349}
	EndGlobalSection
EndGlobal
